lockfileVersion: '6.0'

settings:
  autoInstallPeers: true
  excludeLinksFromLockfile: false

dependencies:
  '@types/node':
    specifier: 20.15.0
    version: 20.15.0

packages:

  /@types/node@20.15.0:
    resolution: {integrity: sha512-eQf4OkH6gA9v1W0iEpht/neozCsZKMTK+C4cU6/fv7wtJCCL8LEQ4hie2Ln8ZP/0YYM2xGj7//f8xyqItkJ6QA==}
    dependencies:
      undici-types: 6.13.0
    dev: false

  /undici-types@6.13.0:
    resolution: {integrity: sha512-xtFJHudx8S2DSoujjMd1WeWvn7KKWFRESZTMeL1RptAYERu29D6jphMjjY+vn96jvN3kVPDNxU/E13VTaXj6jg==}
    dev: false
