lockfileVersion: '6.0'

settings:
  autoInstallPeers: true
  excludeLinksFromLockfile: false

dependencies:
  '@types/node':
    specifier: 24.10.11
    version: 24.10.11

packages:

  /@types/node@24.10.11:
    resolution: {integrity: sha512-/Af7O8r1frCVgOz0I62jWUtMohJ0/ZQU/ZoketltOJPZpnb17yoNc9BSoVuV9qlaIXJiPNOpsfq4ByFajSArNQ==}
    dependencies:
      undici-types: 7.16.0
    dev: false

  /undici-types@7.16.0:
    resolution: {integrity: sha512-Zz+aZWSj8LE6zoxD+xrjh4VfkIG8Ya6LvYkZqtUQGJPZjYl53ypCaUwWqo7eI0x66KBGeRo+mlBEkMSeSZ38Nw==}
    dev: false
