lockfileVersion: '6.0'

settings:
  autoInstallPeers: true
  excludeLinksFromLockfile: false

dependencies:
  '@types/node':
    specifier: 20.16.14
    version: 20.16.14

packages:

  /@types/node@20.16.14:
    resolution: {integrity: sha512-vtgGzjxLF7QT88qRHtXMzCWpAAmwonE7fwgVjFtXosUva2oSpnIEc3gNO9P7uIfOxKnii2f79/xtOnfreYtDaA==}
    dependencies:
      undici-types: 6.19.8
    dev: false

  /undici-types@6.19.8:
    resolution: {integrity: sha512-ve2KP6f/JnbPBFyobGHuerC9g1FYGn/F8n1LWTwNxCEzd6IfqTwUQcNXgEtmmQ6DlRrC1hrSrBnCZPokRrDHjw==}
    dev: false
