# THIS IS AN AUTOGENERATED FILE. DO NOT EDIT THIS FILE DIRECTLY.
# yarn lockfile v1


"@types/node@18.16.12":
  version "18.16.12"
  resolved "https://registry.yarnpkg.com/@types/node/-/node-18.16.12.tgz#f11e19055c5b3daeb79dc6eb7ccdd3d036313034"
  integrity sha512-tIRrjbY9C277MOfP8M3zjMIhtMlUJ6YVqkGgLjz+74jVsdf4/UjC6Hku4+1N0BS0qyC0JAS6tJLUk9H6JUKviQ==
