# THIS IS AN AUTOGENERATED FILE. DO NOT EDIT THIS FILE DIRECTLY.
# yarn lockfile v1


"@babel/parser@^7.20.15", "@babel/parser@^7.21.3":
  version "7.21.8"
  resolved "https://registry.yarnpkg.com/@babel/parser/-/parser-7.21.8.tgz#642af7d0333eab9c0ad70b14ac5e76dbde7bfdf8"
  integrity sha512-6zavDGdzG3gUqAdWvlLFfk+36RilI+Pwyuuh7HItyeScCWP3k6i8vKclAQ0bM/0y/Kz/xiwvxhMv9MgTJP5gmA==

"@jridgewell/sourcemap-codec@^1.4.13":
  version "1.4.15"
  resolved "https://registry.yarnpkg.com/@jridgewell/sourcemap-codec/-/sourcemap-codec-1.4.15.tgz#d7c6e6755c78567a951e04ab52ef0fd26de59f32"
  integrity sha512-eF2rxCRulEKXHTRiDrDy6erMYWqNw4LPdQ8UQA4huuxaQsVeRPFl2oM8oDGxMFhJUWZf9McpLtJasDDZb/Bpeg==

"@vue/compiler-core@3.3.3":
  version "3.3.3"
  resolved "https://registry.yarnpkg.com/@vue/compiler-core/-/compiler-core-3.3.3.tgz#caa200e0eb1b1eb73e9d6d8a16d4033510d0c788"
  integrity sha512-cHGJGye49NicgHZb+z7cvUQngqjQ1744DrdweATwgvCSVYZZFmq5Ye/r8gUSY76mu7mYmlgwGWpRuuXH8tq8/g==
  dependencies:
    "@babel/parser" "^7.21.3"
    "@vue/shared" "3.3.3"
    estree-walker "^2.0.2"
    source-map-js "^1.0.2"

"@vue/compiler-dom@3.3.3":
  version "3.3.3"
  resolved "https://registry.yarnpkg.com/@vue/compiler-dom/-/compiler-dom-3.3.3.tgz#1ac26880546b457b43db562901bba93f83fa8b4b"
  integrity sha512-Rau2ZZwBABhIuOOY0gj5ouLtlsOFd98ltcufshCD15ep52Ujue40E36e1tKvC+FI2gZuB25V6ilKSoHhvU6PMw==
  dependencies:
    "@vue/compiler-core" "3.3.3"
    "@vue/shared" "3.3.3"

"@vue/compiler-sfc@3.3.3":
  version "3.3.3"
  resolved "https://registry.yarnpkg.com/@vue/compiler-sfc/-/compiler-sfc-3.3.3.tgz#ac9d2c39536114f920969589ceaf8500f1e97714"
  integrity sha512-JMBavfIisxMdbML7a1WF8VPVhmCdhL4hLobpN2/AGm1gbDwC8qcIfSenXiOrjXvptNitnLbL+ESz3YM7bF/k8A==
  dependencies:
    "@babel/parser" "^7.20.15"
    "@vue/compiler-core" "3.3.3"
    "@vue/compiler-dom" "3.3.3"
    "@vue/compiler-ssr" "3.3.3"
    "@vue/reactivity-transform" "3.3.3"
    "@vue/shared" "3.3.3"
    estree-walker "^2.0.2"
    magic-string "^0.30.0"
    postcss "^8.1.10"
    source-map-js "^1.0.2"

"@vue/compiler-ssr@3.3.3":
  version "3.3.3"
  resolved "https://registry.yarnpkg.com/@vue/compiler-ssr/-/compiler-ssr-3.3.3.tgz#208b4394c3cac5850128fbe653034b376d1f8445"
  integrity sha512-71JWLsJJDGe1yt/CQUtbzTRpZl7c1/dyQ5UpEVgOaJ2Ud0EOdk6hPVT5mApXnkc52/BveHQMlh1dNg2MVbMWNQ==
  dependencies:
    "@vue/compiler-dom" "3.3.3"
    "@vue/shared" "3.3.3"

"@vue/reactivity-transform@3.3.3":
  version "3.3.3"
  resolved "https://registry.yarnpkg.com/@vue/reactivity-transform/-/reactivity-transform-3.3.3.tgz#9dadfb6f0a330157444ec79cdcdb34d1e2af5cf5"
  integrity sha512-xB0OAOmtzlzegvIa92UnJQB+JFAZkAy6zfiHljtHvDVlHhNg4B2evdgC4SbCFU8fwghUSB3XQXZJj9l5TON3iQ==
  dependencies:
    "@babel/parser" "^7.20.15"
    "@vue/compiler-core" "3.3.3"
    "@vue/shared" "3.3.3"
    estree-walker "^2.0.2"
    magic-string "^0.30.0"

"@vue/reactivity@3.3.3":
  version "3.3.3"
  resolved "https://registry.yarnpkg.com/@vue/reactivity/-/reactivity-3.3.3.tgz#dbdee01f905aa185c6228b1372970051158c1c9a"
  integrity sha512-3YEI/iX6gwWAS/bqPIc6x54f8UnxkRSioTEpdJ3a6JwNRjPRcx29WtygxOO+EHnmkRQQ2xoby4JcNXR2cI2i5A==
  dependencies:
    "@vue/shared" "3.3.3"

"@vue/runtime-core@3.3.3":
  version "3.3.3"
  resolved "https://registry.yarnpkg.com/@vue/runtime-core/-/runtime-core-3.3.3.tgz#5fa269d6a5c3ac92fb3c5ebc9e6a632ff9323491"
  integrity sha512-XELOv1phZ29KrzjJAZDVjU+AgKnWnmdVItIBUfaTsIRDs1+FwjQqRobFJ4YNVYc6sGf5p7vY+C4wS7Jk0i2/Sg==
  dependencies:
    "@vue/reactivity" "3.3.3"
    "@vue/shared" "3.3.3"

"@vue/runtime-dom@3.3.3":
  version "3.3.3"
  resolved "https://registry.yarnpkg.com/@vue/runtime-dom/-/runtime-dom-3.3.3.tgz#abbdc21423f03faeb5190989f1e16b120d00a351"
  integrity sha512-2Wg9A0blIpjAd3dcJcAfyqhE7hO1e9XqKdLyexsMmttsXxKHi1Yvy4ib7M5QKSFxmJAwYqBTM9uvLKWA4EkgTw==
  dependencies:
    "@vue/runtime-core" "3.3.3"
    "@vue/shared" "3.3.3"
    csstype "^3.1.1"

"@vue/server-renderer@3.3.3":
  version "3.3.3"
  resolved "https://registry.yarnpkg.com/@vue/server-renderer/-/server-renderer-3.3.3.tgz#17f756ebf2972d9fbfb35d9c35a5500e9cbd096d"
  integrity sha512-N8fZ1LzHKUS6H11g8niR7YhRcha3k8k21UMP68hnXXWWVZeAuhUZv7Ln9eV29vnHwbMap63qx0ZNmqDvKO1Ucw==
  dependencies:
    "@vue/compiler-ssr" "3.3.3"
    "@vue/shared" "3.3.3"

"@vue/shared@3.3.3":
  version "3.3.3"
  resolved "https://registry.yarnpkg.com/@vue/shared/-/shared-3.3.3.tgz#f7c47d08e0e95e02ec6cb5ac165a10d9e56cbc92"
  integrity sha512-CHPWoZcIKVIiDCBZ20RYKaIvdfJG8JLIySfyR2HT79iziM8R8etS7WTj4Q6fcWkFwCV7nKr7ZUoisTI+lbZcbQ==

csstype@^3.1.1:
  version "3.1.2"
  resolved "https://registry.yarnpkg.com/csstype/-/csstype-3.1.2.tgz#1d4bf9d572f11c14031f0436e1c10bc1f571f50b"
  integrity sha512-I7K1Uu0MBPzaFKg4nI5Q7Vs2t+3gWWW648spaF+Rg7pI9ds18Ugn+lvg4SHczUdKlHI5LWBXyqfS8+DufyBsgQ==

estree-walker@^2.0.2:
  version "2.0.2"
  resolved "https://registry.yarnpkg.com/estree-walker/-/estree-walker-2.0.2.tgz#52f010178c2a4c117a7757cfe942adb7d2da4cac"
  integrity sha512-Rfkk/Mp/DL7JVje3u18FxFujQlTNR2q6QfMSMB7AvCBx91NGj/ba3kCfza0f6dVDbw7YlRf/nDrn7pQrCCyQ/w==

magic-string@^0.30.0:
  version "0.30.0"
  resolved "https://registry.yarnpkg.com/magic-string/-/magic-string-0.30.0.tgz#fd58a4748c5c4547338a424e90fa5dd17f4de529"
  integrity sha512-LA+31JYDJLs82r2ScLrlz1GjSgu66ZV518eyWT+S8VhyQn/JL0u9MeBOvQMGYiPk1DBiSN9DDMOcXvigJZaViQ==
  dependencies:
    "@jridgewell/sourcemap-codec" "^1.4.13"

nanoid@^3.3.6:
  version "3.3.6"
  resolved "https://registry.yarnpkg.com/nanoid/-/nanoid-3.3.6.tgz#443380c856d6e9f9824267d960b4236ad583ea4c"
  integrity sha512-BGcqMMJuToF7i1rt+2PWSNVnWIkGCU78jBG3RxO/bZlnZPK2Cmi2QaffxGO/2RvWi9sL+FAiRiXMgsyxQ1DIDA==

picocolors@^1.0.0:
  version "1.0.0"
  resolved "https://registry.yarnpkg.com/picocolors/-/picocolors-1.0.0.tgz#cb5bdc74ff3f51892236eaf79d68bc44564ab81c"
  integrity sha512-1fygroTLlHu66zi26VoTDv8yRgm0Fccecssto+MhsZ0D/DGW2sm8E8AjW7NU5VVTRt5GxbeZ5qBuJr+HyLYkjQ==

postcss@^8.1.10:
  version "8.4.23"
  resolved "https://registry.yarnpkg.com/postcss/-/postcss-8.4.23.tgz#df0aee9ac7c5e53e1075c24a3613496f9e6552ab"
  integrity sha512-bQ3qMcpF6A/YjR55xtoTr0jGOlnPOKAIMdOWiv0EIT6HVPEaJiJB4NLljSbiHoC2RX7DN5Uvjtpbg1NPdwv1oA==
  dependencies:
    nanoid "^3.3.6"
    picocolors "^1.0.0"
    source-map-js "^1.0.2"

source-map-js@^1.0.2:
  version "1.0.2"
  resolved "https://registry.yarnpkg.com/source-map-js/-/source-map-js-1.0.2.tgz#adbc361d9c62df380125e7f161f71c826f1e490c"
  integrity sha512-R0XvVJ9WusLiqTCEiGCmICCMplcCkIwwR11mOSD9CR5u+IXYdiseeEuXCVAjS54zqwkLcPNnmU4OeJ6tUrWhDw==

vue@3.3.3:
  version "3.3.3"
  resolved "https://registry.yarnpkg.com/vue/-/vue-3.3.3.tgz#a63af4fd3eca8880b5d6a8629f92b7693495df4d"
  integrity sha512-5J1kKsL2huJDmEJGeV6ugjnJOlrEgzlwHRoTrYsBMEe+vza0UJAYWnMLwigtZ10Af1weORIilDT+nFrIeb4cgg==
  dependencies:
    "@vue/compiler-dom" "3.3.3"
    "@vue/compiler-sfc" "3.3.3"
    "@vue/runtime-dom" "3.3.3"
    "@vue/server-renderer" "3.3.3"
    "@vue/shared" "3.3.3"
