# THIS IS AN AUTOGENERATED FILE. DO NOT EDIT THIS FILE DIRECTLY.
# yarn lockfile v1


"@types/node@^20.2.0":
  version "20.2.0"
  resolved "https://registry.yarnpkg.com/@types/node/-/node-20.2.0.tgz#e33da33171ac4eba79b9cfe30b68a4f1561e74ec"
  integrity sha512-3iD2jaCCziTx04uudpJKwe39QxXgSUnpxXSvRQjRvHPxFQfmfP4NXIm/NURVeNlTCc+ru4WqjYGTmpXrW9uMlw==
